
Microsoft Visual Studio Solution File, Format Version 12.00
# Visual Studio Version 17
VisualStudioVersion = 17.14.36301.6
MinimumVisualStudioVersion = 10.0.40219.1
Project("{8BC9CEB8-8B4A-11D0-8D11-00A0C91BC942}") = "SDL2_Proxy", "SDL2_Proxy.vcxproj", "{C74E181A-EF00-4148-A6D1-663290CEBD99}"
EndProject
Global
	GlobalSection(SolutionConfigurationPlatforms) = preSolution
		Debug|x86 = Debug|x86
		Release|x86 = Release|x86
	EndGlobalSection
	GlobalSection(ProjectConfigurationPlatforms) = postSolution
		{C74E181A-EF00-4148-A6D1-663290CEBD99}.Debug|x86.ActiveCfg = Debug|Win32
		{C74E181A-EF00-4148-A6D1-663290CEBD99}.Debug|x86.Build.0 = Debug|Win32
		{C74E181A-EF00-4148-A6D1-663290CEBD99}.Release|x86.ActiveCfg = Release|Win32
		{C74E181A-EF00-4148-A6D1-663290CEBD99}.Release|x86.Build.0 = Release|Win32
	EndGlobalSection
	GlobalSection(SolutionProperties) = preSolution
		HideSolutionNode = FALSE
	EndGlobalSection
	GlobalSection(ExtensibilityGlobals) = postSolution
		SolutionGuid = {CE1A99B2-2FCC-4DF2-9A9B-F1352F97DFD3}
	EndGlobalSection
EndGlobal
